{
  "name": "projetinho",
  "version": "0.0.1",
  "lockfileVersion": 1,
  "requires": true,
  "dependencies": {
    "@types/json5": {
      "version": "0.0.29",
      "resolved": "https://registry.npmjs.org/@types/json5/-/json5-0.0.29.tgz",
      "integrity": "sha1-7ihweulOEdK4J7y+UnC86n8+ce4=",
      "dev": true
    },
    "@types/node": {
      "version": "11.9.4",
      "resolved": "https://registry.npmjs.org/@types/node/-/node-11.9.4.tgz",
      "integrity": "sha512-Zl8dGvAcEmadgs1tmSPcvwzO1YRsz38bVJQvH1RvRqSR9/5n61Q1ktcDL0ht3FXWR+ZpVmXVwN1LuH4Ax23NsA==",
      "dev": true
    },
    "@types/zen-observable": {
      "version": "0.8.2",
      "resolved": "https://registry.npmjs.org/@types/zen-observable/-/zen-observable-0.8.2.tgz",
      "integrity": "sha512-HrCIVMLjE1MOozVoD86622S7aunluLb2PJdPfb3nYiEtohm8mIB/vyv0Fd37AdeMFrTUQXEunw78YloMA3Qilg=="
    },
    "@wry/context": {
      "version": "0.4.4",
      "resolved": "https://registry.npmjs.org/@wry/context/-/context-0.4.4.tgz",
      "integrity": "sha512-LrKVLove/zw6h2Md/KZyWxIkFM6AoyKp71OqpH9Hiip1csjPVoD3tPxlbQUNxEnHENks3UGgNpSBCAfq9KWuag==",
      "requires": {
        "@types/node": ">=6",
        "tslib": "^1.9.3"
      },
      "dependencies": {
        "@types/node": {
          "version": "14.14.19",
          "resolved": "https://registry.npmjs.org/@types/node/-/node-14.14.19.tgz",
          "integrity": "sha512-4nhBPStMK04rruRVtVc6cDqhu7S9GZai0fpXgPXrFpcPX6Xul8xnrjSdGB4KPBVYG/R5+fXWdCM8qBoiULWGPQ=="
        }
      }
    },
    "@wry/equality": {
      "version": "0.1.11",
      "resolved": "https://registry.npmjs.org/@wry/equality/-/equality-0.1.11.tgz",
      "integrity": "sha512-mwEVBDUVODlsQQ5dfuLUS5/Tf7jqUKyhKYHmVi4fPB6bDMOfWvUPJmKgS1Z7Za/sOI3vzWt4+O7yCiL/70MogA==",
      "requires": {
        "tslib": "^1.9.3"
      }
    },
    "apollo-boost": {
      "version": "0.3.1",
      "resolved": "https://registry.npmjs.org/apollo-boost/-/apollo-boost-0.3.1.tgz",
      "integrity": "sha512-VdXcTMxLBeNvANW/FtiarEkrRr/cepYKG6wTAURdy8CS33WYpEHtIg9S8tAjxwVzIECpE4lWyDKyPLoESJ072Q==",
      "requires": {
        "apollo-cache": "^1.2.1",
        "apollo-cache-inmemory": "^1.5.1",
        "apollo-client": "^2.5.1",
        "apollo-link": "^1.0.6",
        "apollo-link-error": "^1.0.3",
        "apollo-link-http": "^1.3.1",
        "graphql-tag": "^2.4.2",
        "ts-invariant": "^0.2.1",
        "tslib": "^1.9.3"
      }
    },
    "apollo-cache": {
      "version": "1.3.5",
      "resolved": "https://registry.npmjs.org/apollo-cache/-/apollo-cache-1.3.5.tgz",
      "integrity": "sha512-1XoDy8kJnyWY/i/+gLTEbYLnoiVtS8y7ikBr/IfmML4Qb+CM7dEEbIUOjnY716WqmZ/UpXIxTfJsY7rMcqiCXA==",
      "requires": {
        "apollo-utilities": "^1.3.4",
        "tslib": "^1.10.0"
      }
    },
    "apollo-cache-inmemory": {
      "version": "1.6.6",
      "resolved": "https://registry.npmjs.org/apollo-cache-inmemory/-/apollo-cache-inmemory-1.6.6.tgz",
      "integrity": "sha512-L8pToTW/+Xru2FFAhkZ1OA9q4V4nuvfoPecBM34DecAugUZEBhI2Hmpgnzq2hTKZ60LAMrlqiASm0aqAY6F8/A==",
      "requires": {
        "apollo-cache": "^1.3.5",
        "apollo-utilities": "^1.3.4",
        "optimism": "^0.10.0",
        "ts-invariant": "^0.4.0",
        "tslib": "^1.10.0"
      },
      "dependencies": {
        "ts-invariant": {
          "version": "0.4.4",
          "resolved": "https://registry.npmjs.org/ts-invariant/-/ts-invariant-0.4.4.tgz",
          "integrity": "sha512-uEtWkFM/sdZvRNNDL3Ehu4WVpwaulhwQszV8mrtcdeE8nN00BV9mAmQ88RkrBhFgl9gMgvjJLAQcZbnPXI9mlA==",
          "requires": {
            "tslib": "^1.9.3"
          }
        }
      }
    },
    "apollo-client": {
      "version": "2.6.10",
      "resolved": "https://registry.npmjs.org/apollo-client/-/apollo-client-2.6.10.tgz",
      "integrity": "sha512-jiPlMTN6/5CjZpJOkGeUV0mb4zxx33uXWdj/xQCfAMkuNAC3HN7CvYDyMHHEzmcQ5GV12LszWoQ/VlxET24CtA==",
      "requires": {
        "@types/zen-observable": "^0.8.0",
        "apollo-cache": "1.3.5",
        "apollo-link": "^1.0.0",
        "apollo-utilities": "1.3.4",
        "symbol-observable": "^1.0.2",
        "ts-invariant": "^0.4.0",
        "tslib": "^1.10.0",
        "zen-observable": "^0.8.0"
      },
      "dependencies": {
        "ts-invariant": {
          "version": "0.4.4",
          "resolved": "https://registry.npmjs.org/ts-invariant/-/ts-invariant-0.4.4.tgz",
          "integrity": "sha512-uEtWkFM/sdZvRNNDL3Ehu4WVpwaulhwQszV8mrtcdeE8nN00BV9mAmQ88RkrBhFgl9gMgvjJLAQcZbnPXI9mlA==",
          "requires": {
            "tslib": "^1.9.3"
          }
        }
      }
    },
    "apollo-link": {
      "version": "1.2.14",
      "resolved": "https://registry.npmjs.org/apollo-link/-/apollo-link-1.2.14.tgz",
      "integrity": "sha512-p67CMEFP7kOG1JZ0ZkYZwRDa369w5PIjtMjvrQd/HnIV8FRsHRqLqK+oAZQnFa1DDdZtOtHTi+aMIW6EatC2jg==",
      "requires": {
        "apollo-utilities": "^1.3.0",
        "ts-invariant": "^0.4.0",
        "tslib": "^1.9.3",
        "zen-observable-ts": "^0.8.21"
      },
      "dependencies": {
        "ts-invariant": {
          "version": "0.4.4",
          "resolved": "https://registry.npmjs.org/ts-invariant/-/ts-invariant-0.4.4.tgz",
          "integrity": "sha512-uEtWkFM/sdZvRNNDL3Ehu4WVpwaulhwQszV8mrtcdeE8nN00BV9mAmQ88RkrBhFgl9gMgvjJLAQcZbnPXI9mlA==",
          "requires": {
            "tslib": "^1.9.3"
          }
        }
      }
    },
    "apollo-link-error": {
      "version": "1.1.13",
      "resolved": "https://registry.npmjs.org/apollo-link-error/-/apollo-link-error-1.1.13.tgz",
      "integrity": "sha512-jAZOOahJU6bwSqb2ZyskEK1XdgUY9nkmeclCrW7Gddh1uasHVqmoYc4CKdb0/H0Y1J9lvaXKle2Wsw/Zx1AyUg==",
      "requires": {
        "apollo-link": "^1.2.14",
        "apollo-link-http-common": "^0.2.16",
        "tslib": "^1.9.3"
      }
    },
    "apollo-link-http": {
      "version": "1.5.17",
      "resolved": "https://registry.npmjs.org/apollo-link-http/-/apollo-link-http-1.5.17.tgz",
      "integrity": "sha512-uWcqAotbwDEU/9+Dm9e1/clO7hTB2kQ/94JYcGouBVLjoKmTeJTUPQKcJGpPwUjZcSqgYicbFqQSoJIW0yrFvg==",
      "requires": {
        "apollo-link": "^1.2.14",
        "apollo-link-http-common": "^0.2.16",
        "tslib": "^1.9.3"
      }
    },
    "apollo-link-http-common": {
      "version": "0.2.16",
      "resolved": "https://registry.npmjs.org/apollo-link-http-common/-/apollo-link-http-common-0.2.16.tgz",
      "integrity": "sha512-2tIhOIrnaF4UbQHf7kjeQA/EmSorB7+HyJIIrUjJOKBgnXwuexi8aMecRlqTIDWcyVXCeqLhUnztMa6bOH/jTg==",
      "requires": {
        "apollo-link": "^1.2.14",
        "ts-invariant": "^0.4.0",
        "tslib": "^1.9.3"
      },
      "dependencies": {
        "ts-invariant": {
          "version": "0.4.4",
          "resolved": "https://registry.npmjs.org/ts-invariant/-/ts-invariant-0.4.4.tgz",
          "integrity": "sha512-uEtWkFM/sdZvRNNDL3Ehu4WVpwaulhwQszV8mrtcdeE8nN00BV9mAmQ88RkrBhFgl9gMgvjJLAQcZbnPXI9mlA==",
          "requires": {
            "tslib": "^1.9.3"
          }
        }
      }
    },
    "apollo-utilities": {
      "version": "1.3.4",
      "resolved": "https://registry.npmjs.org/apollo-utilities/-/apollo-utilities-1.3.4.tgz",
      "integrity": "sha512-pk2hiWrCXMAy2fRPwEyhvka+mqwzeP60Jr1tRYi5xru+3ko94HI9o6lK0CT33/w4RDlxWchmdhDCrvdr+pHCig==",
      "requires": {
        "@wry/equality": "^0.1.2",
        "fast-json-stable-stringify": "^2.0.0",
        "ts-invariant": "^0.4.0",
        "tslib": "^1.10.0"
      },
      "dependencies": {
        "ts-invariant": {
          "version": "0.4.4",
          "resolved": "https://registry.npmjs.org/ts-invariant/-/ts-invariant-0.4.4.tgz",
          "integrity": "sha512-uEtWkFM/sdZvRNNDL3Ehu4WVpwaulhwQszV8mrtcdeE8nN00BV9mAmQ88RkrBhFgl9gMgvjJLAQcZbnPXI9mlA==",
          "requires": {
            "tslib": "^1.9.3"
          }
        }
      }
    },
    "arrify": {
      "version": "1.0.1",
      "resolved": "https://registry.npmjs.org/arrify/-/arrify-1.0.1.tgz",
      "integrity": "sha1-iYUI2iIm84DfkEcoRWhJwVAaSw0="
    },
    "buffer-from": {
      "version": "1.1.1",
      "resolved": "https://registry.npmjs.org/buffer-from/-/buffer-from-1.1.1.tgz",
      "integrity": "sha512-MQcXEUbCKtEo7bhqEs6560Hyd4XaovZlO/k9V3hjVUF/zwW7KBVdSK4gIt/bzwS9MbR5qob+F5jusZsb0YQK2A=="
    },
    "deepmerge": {
      "version": "2.2.1",
      "resolved": "https://registry.npmjs.org/deepmerge/-/deepmerge-2.2.1.tgz",
      "integrity": "sha512-R9hc1Xa/NOBi9WRVUWg19rl1UB7Tt4kuPd+thNJgFZoxXsTz7ncaPaeIm+40oSGuP33DfMb4sZt1QIGiJzC4EA==",
      "dev": true
    },
    "diff": {
      "version": "3.5.0",
      "resolved": "https://registry.npmjs.org/diff/-/diff-3.5.0.tgz",
      "integrity": "sha512-A46qtFgd+g7pDZinpnwiRJtxbC1hpgf0uzP3iG89scHk0AUC7A1TGxf5OiiOUv/JMZR8GOt8hL900hV0bOy5xA=="
    },
    "fast-json-stable-stringify": {
      "version": "2.1.0",
      "resolved": "https://registry.npmjs.org/fast-json-stable-stringify/-/fast-json-stable-stringify-2.1.0.tgz",
      "integrity": "sha512-lhd/wF+Lk98HZoTCtlVraHtfh5XYijIjalXck7saUtuanSDyLMxnHhSXEDJqHxD7msR8D0uCmqlkwjCV8xvwHw=="
    },
    "graphql": {
      "version": "14.2.0",
      "resolved": "https://registry.npmjs.org/graphql/-/graphql-14.2.0.tgz",
      "integrity": "sha512-dlFHRtxsL4sBy1C1e3v64IUd5ndZhAOHZ/z3Dr4Nm6+cvr9elrnz4BhMF9h9mRBBnhUCGLc4GH4xvPbKG6sUeA==",
      "requires": {
        "iterall": "^1.2.2"
      }
    },
    "graphql-tag": {
      "version": "2.11.0",
      "resolved": "https://registry.npmjs.org/graphql-tag/-/graphql-tag-2.11.0.tgz",
      "integrity": "sha512-VmsD5pJqWJnQZMUeRwrDhfgoyqcfwEkvtpANqcoUG8/tOLkwNgU9mzub/Mc78OJMhHjx7gfAMTxzdG43VGg3bA=="
    },
    "iterall": {
      "version": "1.3.0",
      "resolved": "https://registry.npmjs.org/iterall/-/iterall-1.3.0.tgz",
      "integrity": "sha512-QZ9qOMdF+QLHxy1QIpUHUU1D5pS2CG2P69LF6L6CPjPYA/XMOmKV3PZpawHoAjHNyB0swdVTRxdYT4tbBbxqwg=="
    },
    "json5": {
      "version": "1.0.1",
      "resolved": "https://registry.npmjs.org/json5/-/json5-1.0.1.tgz",
      "integrity": "sha512-aKS4WQjPenRxiQsC93MNfjx+nbF4PAdYzmd/1JIj8HYzqfbu86beTuNgXDzPknWk0n0uARlyewZo4s++ES36Ow==",
      "dev": true,
      "requires": {
        "minimist": "^1.2.0"
      }
    },
    "make-error": {
      "version": "1.3.6",
      "resolved": "https://registry.npmjs.org/make-error/-/make-error-1.3.6.tgz",
      "integrity": "sha512-s8UhlNe7vPKomQhC1qFelMokr/Sc3AgNbso3n74mVPA5LTZwkB9NlXf4XPamLxJE8h0gh73rM94xvwRT2CVInw=="
    },
    "minimist": {
      "version": "1.2.5",
      "resolved": "https://registry.npmjs.org/minimist/-/minimist-1.2.5.tgz",
      "integrity": "sha512-FM9nNUYrRBAELZQT3xeZQ7fmMOBg6nWNmJKTcgsJeaLstP/UODVpGsr5OhXhhXg6f+qtJ8uiZ+PUxkDWcgIXLw=="
    },
    "mkdirp": {
      "version": "0.5.5",
      "resolved": "https://registry.npmjs.org/mkdirp/-/mkdirp-0.5.5.tgz",
      "integrity": "sha512-NKmAlESf6jMGym1++R0Ra7wvhV+wFW63FaSOFPwRahvea0gMUcGUhVeAg/0BC0wiv9ih5NYPB1Wn1UEI1/L+xQ==",
      "requires": {
        "minimist": "^1.2.5"
      }
    },
    "optimism": {
      "version": "0.10.3",
      "resolved": "https://registry.npmjs.org/optimism/-/optimism-0.10.3.tgz",
      "integrity": "sha512-9A5pqGoQk49H6Vhjb9kPgAeeECfUDF6aIICbMDL23kDLStBn1MWk3YvcZ4xWF9CsSf6XEgvRLkXy4xof/56vVw==",
      "requires": {
        "@wry/context": "^0.4.0"
      }
    },
    "source-map": {
      "version": "0.6.1",
      "resolved": "https://registry.npmjs.org/source-map/-/source-map-0.6.1.tgz",
      "integrity": "sha512-UjgapumWlbMhkBgzT7Ykc5YXUT46F0iKu8SGXq0bcwP5dz/h0Plj6enJqjz1Zbq2l5WaqYnrVbwWOWMyF3F47g=="
    },
    "source-map-support": {
      "version": "0.5.19",
      "resolved": "https://registry.npmjs.org/source-map-support/-/source-map-support-0.5.19.tgz",
      "integrity": "sha512-Wonm7zOCIJzBGQdB+thsPar0kYuCIzYvxZwlBa87yi/Mdjv7Tip2cyVbLj5o0cFPN4EVkuTwb3GDDyUx2DGnGw==",
      "requires": {
        "buffer-from": "^1.0.0",
        "source-map": "^0.6.0"
      }
    },
    "strip-bom": {
      "version": "3.0.0",
      "resolved": "https://registry.npmjs.org/strip-bom/-/strip-bom-3.0.0.tgz",
      "integrity": "sha1-IzTBjpx1n3vdVv3vfprj1YjmjtM=",
      "dev": true
    },
    "symbol-observable": {
      "version": "1.2.0",
      "resolved": "https://registry.npmjs.org/symbol-observable/-/symbol-observable-1.2.0.tgz",
      "integrity": "sha512-e900nM8RRtGhlV36KGEU9k65K3mPb1WV70OdjfxlG2EAuM1noi/E/BaW/uMhL7bPEssK8QV57vN3esixjUvcXQ=="
    },
    "ts-invariant": {
      "version": "0.2.1",
      "resolved": "https://registry.npmjs.org/ts-invariant/-/ts-invariant-0.2.1.tgz",
      "integrity": "sha512-Z/JSxzVmhTo50I+LKagEISFJW3pvPCqsMWLamCTX8Kr3N5aMrnGOqcflbe5hLUzwjvgPfnLzQtHZv0yWQ+FIHg==",
      "requires": {
        "tslib": "^1.9.3"
      }
    },
    "ts-node": {
      "version": "7.0.0",
      "resolved": "https://registry.npmjs.org/ts-node/-/ts-node-7.0.0.tgz",
      "integrity": "sha512-klJsfswHP0FuOLsvBZ/zzCfUvakOSSxds78mVeK7I+qP76YWtxf16hEZsp3U+b0kIo82R5UatGFeblYMqabb2Q==",
      "requires": {
        "arrify": "^1.0.0",
        "buffer-from": "^1.1.0",
        "diff": "^3.1.0",
        "make-error": "^1.1.1",
        "minimist": "^1.2.0",
        "mkdirp": "^0.5.1",
        "source-map-support": "^0.5.6",
        "yn": "^2.0.0"
      }
    },
    "tsconfig-paths": {
      "version": "3.7.0",
      "resolved": "https://registry.npmjs.org/tsconfig-paths/-/tsconfig-paths-3.7.0.tgz",
      "integrity": "sha512-7iE+Q/2E1lgvxD+c0Ot+GFFmgmfIjt/zCayyruXkXQ84BLT85gHXy0WSoQSiuFX9+d+keE/jiON7notV74ZY+A==",
      "dev": true,
      "requires": {
        "@types/json5": "^0.0.29",
        "deepmerge": "^2.0.1",
        "json5": "^1.0.1",
        "minimist": "^1.2.0",
        "strip-bom": "^3.0.0"
      }
    },
    "tslib": {
      "version": "1.14.1",
      "resolved": "https://registry.npmjs.org/tslib/-/tslib-1.14.1.tgz",
      "integrity": "sha512-Xni35NKzjgMrwevysHTCArtLDpPvye8zV/0E4EyYn43P7/7qvQwPh9BGkHewbMulVntbigmcT7rdX3BNo9wRJg=="
    },
    "typescript": {
      "version": "3.3.3",
      "resolved": "https://registry.npmjs.org/typescript/-/typescript-3.3.3.tgz",
      "integrity": "sha512-Y21Xqe54TBVp+VDSNbuDYdGw0BpoR/Q6wo/+35M8PAU0vipahnyduJWirxxdxjsAkS7hue53x2zp8gz7F05u0A==",
      "dev": true
    },
    "yn": {
      "version": "2.0.0",
      "resolved": "https://registry.npmjs.org/yn/-/yn-2.0.0.tgz",
      "integrity": "sha1-5a2ryKz0CPY4X8dklWhMiOavaJo="
    },
    "zen-observable": {
      "version": "0.8.15",
      "resolved": "https://registry.npmjs.org/zen-observable/-/zen-observable-0.8.15.tgz",
      "integrity": "sha512-PQ2PC7R9rslx84ndNBZB/Dkv8V8fZEpk83RLgXtYd0fwUgEjseMn1Dgajh2x6S8QbZAFa9p2qVCEuYZNgve0dQ=="
    },
    "zen-observable-ts": {
      "version": "0.8.21",
      "resolved": "https://registry.npmjs.org/zen-observable-ts/-/zen-observable-ts-0.8.21.tgz",
      "integrity": "sha512-Yj3yXweRc8LdRMrCC8nIc4kkjWecPAUVh0TI0OUrWXx6aX790vLcDlWca6I4vsyCGH3LpWxq0dJRcMOFoVqmeg==",
      "requires": {
        "tslib": "^1.9.3",
        "zen-observable": "^0.8.0"
      }
    }
  }
}
